<?xml version="1.0" encoding="UTF-8" standalone="yes" ?>
<CodeBlocks_project_file>
	<FileVersion major="1" minor="6" />
	<Project>
		<Option title="UnitTests" />
		<Option pch_mode="2" />
		<Option compiler="gcc" />
		<Build>
			<Target title="Debug">
				<Option output="bin/Debug/UnitTests" prefix_auto="1" extension_auto="1" />
				<Option object_output="obj/Debug/" />
				<Option type="1" />
				<Option compiler="gcc" />
				<Compiler>
					<Add option="-g" />
					<Add directory="../../UnitTest/UnitTest++/UnitTest++" />
					<Add directory="../src" />
					<Add directory="../include" />
				</Compiler>
				<Linker>
					<Add library="/home/domenico/Develop/UnitTest/UnitTest++/Deliv/Release/libUnitTest++.a" />
					<Add directory="/home/domenico/Develop/UnitTest/UnitTest++/UnitTest++" />
				</Linker>
			</Target>
			<Target title="Release">
				<Option output="bin/Release/UnitTests" prefix_auto="1" extension_auto="1" />
				<Option object_output="obj/Release/" />
				<Option type="1" />
				<Option compiler="gcc" />
				<Compiler>
					<Add option="-O2" />
					<Add directory="/home/domenico/Develop/UnitTest/UnitTest++/UnitTest++" />
					<Add directory="/home/domenico/Develop/UnitTest/UnitTest++/Deliv/Release" />
					<Add directory="../src" />
					<Add directory="../include" />
				</Compiler>
				<Linker>
					<Add option="-s" />
					<Add library="/home/domenico/Develop/UnitTest/UnitTest++/Deliv/Release/libUnitTest++.a" />
					<Add directory="/home/domenico/Develop/UnitTest/UnitTest++/UnitTest++" />
					<Add directory="/home/domenico/Develop/UnitTest/UnitTest++/Deliv/Release" />
					<Add directory="../include" />
					<Add directory="../src" />
				</Linker>
				<ExtraCommands>
					<Add after="$exe_output" />
				</ExtraCommands>
			</Target>
		</Build>
		<Compiler>
			<Add option="-Wall" />
			<Add option="-fexceptions" />
			<Add directory="/home/domenico/Develop/UnitTest/UnitTest++/UnitTest++" />
		</Compiler>
		<Unit filename="../include/bark2freq.hpp" />
		<Unit filename="../include/bin2freq.hpp" />
		<Unit filename="../include/freq2bark.hpp" />
		<Unit filename="../include/freq2bin.hpp" />
		<Unit filename="../include/freq2mel.hpp" />
		<Unit filename="../include/mel2freq.hpp" />
		<Unit filename="../include/tIDLib.hpp" />
		<Unit filename="../src/bark2freq.cpp" />
		<Unit filename="../src/bin2freq.cpp" />
		<Unit filename="../src/freq2bark.cpp" />
		<Unit filename="../src/freq2bin.cpp" />
		<Unit filename="../src/freq2mel.cpp" />
		<Unit filename="../src/mel2freq.cpp" />
		<Unit filename="../src/tIDLib.cpp" />
		<Unit filename="conversionFunctionsTests/test_bark2freq.cpp" />
		<Unit filename="conversionFunctionsTests/test_bin2freq.cpp" />
		<Unit filename="conversionFunctionsTests/test_freq2bark.cpp" />
		<Unit filename="conversionFunctionsTests/test_freq2bin.cpp" />
		<Unit filename="conversionFunctionsTests/test_freq2mel.cpp" />
		<Unit filename="conversionFunctionsTests/test_mel2freq.cpp" />
		<Unit filename="main.cpp" />
		<Extensions>
			<code_completion />
			<debugger />
		</Extensions>
	</Project>
</CodeBlocks_project_file>
